
Microsoft Visual Studio Solution File, Format Version 12.00
# Visual Studio 15
VisualStudioVersion = 15.0.27703.2042
MinimumVisualStudioVersion = 10.0.40219.1
Project("{FAE04EC0-301F-11D3-BF4B-00C04F79EFBC}") = "UnderTattoos.Android", "UnderTattoos\UnderTattoos.Android\UnderTattoos.Android.csproj", "{AE8D2516-CA47-4338-999E-E20F82F69D35}"
EndProject
Project("{FAE04EC0-301F-11D3-BF4B-00C04F79EFBC}") = "UnderTattoos.iOS", "UnderTattoos\UnderTattoos.iOS\UnderTattoos.iOS.csproj", "{02D5DEE6-377D-4FCA-A691-56BA3E371BBF}"
EndProject
Project("{FAE04EC0-301F-11D3-BF4B-00C04F79EFBC}") = "UnderTattoos", "UnderTattoos\UnderTattoos\UnderTattoos.csproj", "{42A958FB-1608-4959-A871-D6754A9DE061}"
EndProject
Global
	GlobalSection(SolutionConfigurationPlatforms) = preSolution
		Ad-Hoc|Any CPU = Ad-Hoc|Any CPU
		Ad-Hoc|iPhone = Ad-Hoc|iPhone
		Ad-Hoc|iPhoneSimulator = Ad-Hoc|iPhoneSimulator
		AppStore|Any CPU = AppStore|Any CPU
		AppStore|iPhone = AppStore|iPhone
		AppStore|iPhoneSimulator = AppStore|iPhoneSimulator
		Debug|Any CPU = Debug|Any CPU
		Debug|iPhone = Debug|iPhone
		Debug|iPhoneSimulator = Debug|iPhoneSimulator
		Release|Any CPU = Release|Any CPU
		Release|iPhone = Release|iPhone
		Release|iPhoneSimulator = Release|iPhoneSimulator
	EndGlobalSection
	GlobalSection(ProjectConfigurationPlatforms) = postSolution
		{AE8D2516-CA47-4338-999E-E20F82F69D35}.Ad-Hoc|Any CPU.ActiveCfg = Release|Any CPU
		{AE8D2516-CA47-4338-999E-E20F82F69D35}.Ad-Hoc|Any CPU.Build.0 = Release|Any CPU
		{AE8D2516-CA47-4338-999E-E20F82F69D35}.Ad-Hoc|Any CPU.Deploy.0 = Release|Any CPU
		{AE8D2516-CA47-4338-999E-E20F82F69D35}.Ad-Hoc|iPhone.ActiveCfg = Release|Any CPU
		{AE8D2516-CA47-4338-999E-E20F82F69D35}.Ad-Hoc|iPhone.Build.0 = Release|Any CPU
		{AE8D2516-CA47-4338-999E-E20F82F69D35}.Ad-Hoc|iPhone.Deploy.0 = Release|Any CPU
		{AE8D2516-CA47-4338-999E-E20F82F69D35}.Ad-Hoc|iPhoneSimulator.ActiveCfg = Release|Any CPU
		{AE8D2516-CA47-4338-999E-E20F82F69D35}.Ad-Hoc|iPhoneSimulator.Build.0 = Release|Any CPU
		{AE8D2516-CA47-4338-999E-E20F82F69D35}.Ad-Hoc|iPhoneSimulator.Deploy.0 = Release|Any CPU
		{AE8D2516-CA47-4338-999E-E20F82F69D35}.AppStore|Any CPU.ActiveCfg = Release|Any CPU
		{AE8D2516-CA47-4338-999E-E20F82F69D35}.AppStore|Any CPU.Build.0 = Release|Any CPU
		{AE8D2516-CA47-4338-999E-E20F82F69D35}.AppStore|Any CPU.Deploy.0 = Release|Any CPU
		{AE8D2516-CA47-4338-999E-E20F82F69D35}.AppStore|iPhone.ActiveCfg = Release|Any CPU
		{AE8D2516-CA47-4338-999E-E20F82F69D35}.AppStore|iPhone.Build.0 = Release|Any CPU
		{AE8D2516-CA47-4338-999E-E20F82F69D35}.AppStore|iPhone.Deploy.0 = Release|Any CPU
		{AE8D2516-CA47-4338-999E-E20F82F69D35}.AppStore|iPhoneSimulator.ActiveCfg = Release|Any CPU
		{AE8D2516-CA47-4338-999E-E20F82F69D35}.AppStore|iPhoneSimulator.Build.0 = Release|Any CPU
		{AE8D2516-CA47-4338-999E-E20F82F69D35}.AppStore|iPhoneSimulator.Deploy.0 = Release|Any CPU
		{AE8D2516-CA47-4338-999E-E20F82F69D35}.Debug|Any CPU.ActiveCfg = Debug|Any CPU
		{AE8D2516-CA47-4338-999E-E20F82F69D35}.Debug|Any CPU.Build.0 = Debug|Any CPU
		{AE8D2516-CA47-4338-999E-E20F82F69D35}.Debug|Any CPU.Deploy.0 = Debug|Any CPU
		{AE8D2516-CA47-4338-999E-E20F82F69D35}.Debug|iPhone.ActiveCfg = Debug|Any CPU
		{AE8D2516-CA47-4338-999E-E20F82F69D35}.Debug|iPhone.Build.0 = Debug|Any CPU
		{AE8D2516-CA47-4338-999E-E20F82F69D35}.Debug|iPhone.Deploy.0 = Debug|Any CPU
		{AE8D2516-CA47-4338-999E-E20F82F69D35}.Debug|iPhoneSimulator.ActiveCfg = Debug|Any CPU
		{AE8D2516-CA47-4338-999E-E20F82F69D35}.Debug|iPhoneSimulator.Build.0 = Debug|Any CPU
		{AE8D2516-CA47-4338-999E-E20F82F69D35}.Debug|iPhoneSimulator.Deploy.0 = Debug|Any CPU
		{AE8D2516-CA47-4338-999E-E20F82F69D35}.Release|Any CPU.ActiveCfg = Release|Any CPU
		{AE8D2516-CA47-4338-999E-E20F82F69D35}.Release|Any CPU.Build.0 = Release|Any CPU
		{AE8D2516-CA47-4338-999E-E20F82F69D35}.Release|Any CPU.Deploy.0 = Release|Any CPU
		{AE8D2516-CA47-4338-999E-E20F82F69D35}.Release|iPhone.ActiveCfg = Release|Any CPU
		{AE8D2516-CA47-4338-999E-E20F82F69D35}.Release|iPhone.Build.0 = Release|Any CPU
		{AE8D2516-CA47-4338-999E-E20F82F69D35}.Release|iPhone.Deploy.0 = Release|Any CPU
		{AE8D2516-CA47-4338-999E-E20F82F69D35}.Release|iPhoneSimulator.ActiveCfg = Release|Any CPU
		{AE8D2516-CA47-4338-999E-E20F82F69D35}.Release|iPhoneSimulator.Build.0 = Release|Any CPU
		{AE8D2516-CA47-4338-999E-E20F82F69D35}.Release|iPhoneSimulator.Deploy.0 = Release|Any CPU
		{02D5DEE6-377D-4FCA-A691-56BA3E371BBF}.Ad-Hoc|Any CPU.ActiveCfg = Ad-Hoc|iPhone
		{02D5DEE6-377D-4FCA-A691-56BA3E371BBF}.Ad-Hoc|Any CPU.Build.0 = Ad-Hoc|iPhone
		{02D5DEE6-377D-4FCA-A691-56BA3E371BBF}.Ad-Hoc|Any CPU.Deploy.0 = Ad-Hoc|iPhone
		{02D5DEE6-377D-4FCA-A691-56BA3E371BBF}.Ad-Hoc|iPhone.ActiveCfg = Ad-Hoc|iPhone
		{02D5DEE6-377D-4FCA-A691-56BA3E371BBF}.Ad-Hoc|iPhone.Build.0 = Ad-Hoc|iPhone
		{02D5DEE6-377D-4FCA-A691-56BA3E371BBF}.Ad-Hoc|iPhone.Deploy.0 = Ad-Hoc|iPhone
		{02D5DEE6-377D-4FCA-A691-56BA3E371BBF}.Ad-Hoc|iPhoneSimulator.ActiveCfg = Ad-Hoc|iPhoneSimulator
		{02D5DEE6-377D-4FCA-A691-56BA3E371BBF}.Ad-Hoc|iPhoneSimulator.Build.0 = Ad-Hoc|iPhoneSimulator
		{02D5DEE6-377D-4FCA-A691-56BA3E371BBF}.Ad-Hoc|iPhoneSimulator.Deploy.0 = Ad-Hoc|iPhoneSimulator
		{02D5DEE6-377D-4FCA-A691-56BA3E371BBF}.AppStore|Any CPU.ActiveCfg = AppStore|iPhone
		{02D5DEE6-377D-4FCA-A691-56BA3E371BBF}.AppStore|Any CPU.Build.0 = AppStore|iPhone
		{02D5DEE6-377D-4FCA-A691-56BA3E371BBF}.AppStore|Any CPU.Deploy.0 = AppStore|iPhone
		{02D5DEE6-377D-4FCA-A691-56BA3E371BBF}.AppStore|iPhone.ActiveCfg = AppStore|iPhone
		{02D5DEE6-377D-4FCA-A691-56BA3E371BBF}.AppStore|iPhone.Build.0 = AppStore|iPhone
		{02D5DEE6-377D-4FCA-A691-56BA3E371BBF}.AppStore|iPhone.Deploy.0 = AppStore|iPhone
		{02D5DEE6-377D-4FCA-A691-56BA3E371BBF}.AppStore|iPhoneSimulator.ActiveCfg = AppStore|iPhoneSimulator
		{02D5DEE6-377D-4FCA-A691-56BA3E371BBF}.AppStore|iPhoneSimulator.Build.0 = AppStore|iPhoneSimulator
		{02D5DEE6-377D-4FCA-A691-56BA3E371BBF}.AppStore|iPhoneSimulator.Deploy.0 = AppStore|iPhoneSimulator
		{02D5DEE6-377D-4FCA-A691-56BA3E371BBF}.Debug|Any CPU.ActiveCfg = Debug|iPhoneSimulator
		{02D5DEE6-377D-4FCA-A691-56BA3E371BBF}.Debug|Any CPU.Build.0 = Debug|iPhoneSimulator
		{02D5DEE6-377D-4FCA-A691-56BA3E371BBF}.Debug|Any CPU.Deploy.0 = Debug|iPhoneSimulator
		{02D5DEE6-377D-4FCA-A691-56BA3E371BBF}.Debug|iPhone.ActiveCfg = Debug|iPhone
		{02D5DEE6-377D-4FCA-A691-56BA3E371BBF}.Debug|iPhone.Build.0 = Debug|iPhone
		{02D5DEE6-377D-4FCA-A691-56BA3E371BBF}.Debug|iPhone.Deploy.0 = Debug|iPhone
		{02D5DEE6-377D-4FCA-A691-56BA3E371BBF}.Debug|iPhoneSimulator.ActiveCfg = Debug|iPhoneSimulator
		{02D5DEE6-377D-4FCA-A691-56BA3E371BBF}.Debug|iPhoneSimulator.Build.0 = Debug|iPhoneSimulator
		{02D5DEE6-377D-4FCA-A691-56BA3E371BBF}.Debug|iPhoneSimulator.Deploy.0 = Debug|iPhoneSimulator
		{02D5DEE6-377D-4FCA-A691-56BA3E371BBF}.Release|Any CPU.ActiveCfg = Release|iPhone
		{02D5DEE6-377D-4FCA-A691-56BA3E371BBF}.Release|Any CPU.Build.0 = Release|iPhone
		{02D5DEE6-377D-4FCA-A691-56BA3E371BBF}.Release|Any CPU.Deploy.0 = Release|iPhone
		{02D5DEE6-377D-4FCA-A691-56BA3E371BBF}.Release|iPhone.ActiveCfg = Release|iPhone
		{02D5DEE6-377D-4FCA-A691-56BA3E371BBF}.Release|iPhone.Build.0 = Release|iPhone
		{02D5DEE6-377D-4FCA-A691-56BA3E371BBF}.Release|iPhone.Deploy.0 = Release|iPhone
		{02D5DEE6-377D-4FCA-A691-56BA3E371BBF}.Release|iPhoneSimulator.ActiveCfg = Release|iPhoneSimulator
		{02D5DEE6-377D-4FCA-A691-56BA3E371BBF}.Release|iPhoneSimulator.Build.0 = Release|iPhoneSimulator
		{02D5DEE6-377D-4FCA-A691-56BA3E371BBF}.Release|iPhoneSimulator.Deploy.0 = Release|iPhoneSimulator
		{42A958FB-1608-4959-A871-D6754A9DE061}.Ad-Hoc|Any CPU.ActiveCfg = Debug|Any CPU
		{42A958FB-1608-4959-A871-D6754A9DE061}.Ad-Hoc|Any CPU.Build.0 = Debug|Any CPU
		{42A958FB-1608-4959-A871-D6754A9DE061}.Ad-Hoc|Any CPU.Deploy.0 = Debug|Any CPU
		{42A958FB-1608-4959-A871-D6754A9DE061}.Ad-Hoc|iPhone.ActiveCfg = Debug|Any CPU
		{42A958FB-1608-4959-A871-D6754A9DE061}.Ad-Hoc|iPhone.Build.0 = Debug|Any CPU
		{42A958FB-1608-4959-A871-D6754A9DE061}.Ad-Hoc|iPhone.Deploy.0 = Debug|Any CPU
		{42A958FB-1608-4959-A871-D6754A9DE061}.Ad-Hoc|iPhoneSimulator.ActiveCfg = Debug|Any CPU
		{42A958FB-1608-4959-A871-D6754A9DE061}.Ad-Hoc|iPhoneSimulator.Build.0 = Debug|Any CPU
		{42A958FB-1608-4959-A871-D6754A9DE061}.Ad-Hoc|iPhoneSimulator.Deploy.0 = Debug|Any CPU
		{42A958FB-1608-4959-A871-D6754A9DE061}.AppStore|Any CPU.ActiveCfg = Debug|Any CPU
		{42A958FB-1608-4959-A871-D6754A9DE061}.AppStore|Any CPU.Build.0 = Debug|Any CPU
		{42A958FB-1608-4959-A871-D6754A9DE061}.AppStore|Any CPU.Deploy.0 = Debug|Any CPU
		{42A958FB-1608-4959-A871-D6754A9DE061}.AppStore|iPhone.ActiveCfg = Debug|Any CPU
		{42A958FB-1608-4959-A871-D6754A9DE061}.AppStore|iPhone.Build.0 = Debug|Any CPU
		{42A958FB-1608-4959-A871-D6754A9DE061}.AppStore|iPhone.Deploy.0 = Debug|Any CPU
		{42A958FB-1608-4959-A871-D6754A9DE061}.AppStore|iPhoneSimulator.ActiveCfg = Debug|Any CPU
		{42A958FB-1608-4959-A871-D6754A9DE061}.AppStore|iPhoneSimulator.Build.0 = Debug|Any CPU
		{42A958FB-1608-4959-A871-D6754A9DE061}.AppStore|iPhoneSimulator.Deploy.0 = Debug|Any CPU
		{42A958FB-1608-4959-A871-D6754A9DE061}.Debug|Any CPU.ActiveCfg = Debug|Any CPU
		{42A958FB-1608-4959-A871-D6754A9DE061}.Debug|Any CPU.Build.0 = Debug|Any CPU
		{42A958FB-1608-4959-A871-D6754A9DE061}.Debug|Any CPU.Deploy.0 = Debug|Any CPU
		{42A958FB-1608-4959-A871-D6754A9DE061}.Debug|iPhone.ActiveCfg = Debug|Any CPU
		{42A958FB-1608-4959-A871-D6754A9DE061}.Debug|iPhone.Build.0 = Debug|Any CPU
		{42A958FB-1608-4959-A871-D6754A9DE061}.Debug|iPhone.Deploy.0 = Debug|Any CPU
		{42A958FB-1608-4959-A871-D6754A9DE061}.Debug|iPhoneSimulator.ActiveCfg = Debug|Any CPU
		{42A958FB-1608-4959-A871-D6754A9DE061}.Debug|iPhoneSimulator.Build.0 = Debug|Any CPU
		{42A958FB-1608-4959-A871-D6754A9DE061}.Debug|iPhoneSimulator.Deploy.0 = Debug|Any CPU
		{42A958FB-1608-4959-A871-D6754A9DE061}.Release|Any CPU.ActiveCfg = Release|Any CPU
		{42A958FB-1608-4959-A871-D6754A9DE061}.Release|Any CPU.Build.0 = Release|Any CPU
		{42A958FB-1608-4959-A871-D6754A9DE061}.Release|Any CPU.Deploy.0 = Release|Any CPU
		{42A958FB-1608-4959-A871-D6754A9DE061}.Release|iPhone.ActiveCfg = Release|Any CPU
		{42A958FB-1608-4959-A871-D6754A9DE061}.Release|iPhone.Build.0 = Release|Any CPU
		{42A958FB-1608-4959-A871-D6754A9DE061}.Release|iPhone.Deploy.0 = Release|Any CPU
		{42A958FB-1608-4959-A871-D6754A9DE061}.Release|iPhoneSimulator.ActiveCfg = Release|Any CPU
		{42A958FB-1608-4959-A871-D6754A9DE061}.Release|iPhoneSimulator.Build.0 = Release|Any CPU
		{42A958FB-1608-4959-A871-D6754A9DE061}.Release|iPhoneSimulator.Deploy.0 = Release|Any CPU
	EndGlobalSection
	GlobalSection(SolutionProperties) = preSolution
		HideSolutionNode = FALSE
	EndGlobalSection
	GlobalSection(ExtensibilityGlobals) = postSolution
		SolutionGuid = {1ADE2332-46E8-42DA-99D0-CC3B9C380FD2}
	EndGlobalSection
EndGlobal
